
Microsoft Visual Studio Solution File, Format Version 12.00
# Visual Studio Version 16
VisualStudioVersion = 16.0.31729.503
MinimumVisualStudioVersion = 10.0.40219.1
Project("{FAE04EC0-301F-11D3-BF4B-00C04F79EFBC}") = "GameCenter", "GameCenter\GameCenter.csproj", "{C8838932-2C31-42D3-9918-AC35B4294A55}"
EndProject
Global
	GlobalSection(SolutionConfigurationPlatforms) = preSolution
		Debug|Any CPU = Debug|Any CPU
		Release|Any CPU = Release|Any CPU
	EndGlobalSection
	GlobalSection(ProjectConfigurationPlatforms) = postSolution
		{C8838932-2C31-42D3-9918-AC35B4294A55}.Debug|Any CPU.ActiveCfg = Debug|Any CPU
		{C8838932-2C31-42D3-9918-AC35B4294A55}.Debug|Any CPU.Build.0 = Debug|Any CPU
		{C8838932-2C31-42D3-9918-AC35B4294A55}.Release|Any CPU.ActiveCfg = Release|Any CPU
		{C8838932-2C31-42D3-9918-AC35B4294A55}.Release|Any CPU.Build.0 = Release|Any CPU
	EndGlobalSection
	GlobalSection(SolutionProperties) = preSolution
		HideSolutionNode = FALSE
	EndGlobalSection
	GlobalSection(ExtensibilityGlobals) = postSolution
		SolutionGuid = {833ACC0B-B84F-4705-BA97-FEAC34EBD95A}
	EndGlobalSection
EndGlobal
